
Microsoft Visual Studio Solution File, Format Version 12.00
# Visual Studio 2013
VisualStudioVersion = 12.0.40629.0
MinimumVisualStudioVersion = 10.0.40219.1
Project("{FAE04EC0-301F-11D3-BF4B-00C04F79EFBC}") = "MyLibrary.Web", "MyLibrary.Web\MyLibrary.Web.csproj", "{8131F23E-7E8C-4190-94A2-3B4B7DFD3DB2}"
EndProject
Project("{FAE04EC0-301F-11D3-BF4B-00C04F79EFBC}") = "Infrastructure", "Infrastructure\Infrastructure.csproj", "{CCBB60D4-5449-42B1-899B-3101C65014CB}"
EndProject
Project("{FAE04EC0-301F-11D3-BF4B-00C04F79EFBC}") = "MyLibrary.Queries", "MyLibrary.Queries\MyLibrary.Queries.csproj", "{B75C3D72-339B-4359-B22A-6818A43E05E7}"
EndProject
Project("{FAE04EC0-301F-11D3-BF4B-00C04F79EFBC}") = "MyLibrary.Models", "MyLibrary.Models\MyLibrary.Models.csproj", "{A52934B4-B1DE-44B5-B254-72A9168EC27F}"
EndProject
Project("{FAE04EC0-301F-11D3-BF4B-00C04F79EFBC}") = "MyLibrary.Commands", "MyLibrary.Commands\MyLibrary.Commands.csproj", "{35DD74AD-8648-4C29-B56D-9B723F3F3C1C}"
EndProject
Global
	GlobalSection(SolutionConfigurationPlatforms) = preSolution
		Debug|Any CPU = Debug|Any CPU
		Release|Any CPU = Release|Any CPU
	EndGlobalSection
	GlobalSection(ProjectConfigurationPlatforms) = postSolution
		{8131F23E-7E8C-4190-94A2-3B4B7DFD3DB2}.Debug|Any CPU.ActiveCfg = Debug|Any CPU
		{8131F23E-7E8C-4190-94A2-3B4B7DFD3DB2}.Debug|Any CPU.Build.0 = Debug|Any CPU
		{8131F23E-7E8C-4190-94A2-3B4B7DFD3DB2}.Release|Any CPU.ActiveCfg = Release|Any CPU
		{8131F23E-7E8C-4190-94A2-3B4B7DFD3DB2}.Release|Any CPU.Build.0 = Release|Any CPU
		{CCBB60D4-5449-42B1-899B-3101C65014CB}.Debug|Any CPU.ActiveCfg = Debug|Any CPU
		{CCBB60D4-5449-42B1-899B-3101C65014CB}.Debug|Any CPU.Build.0 = Debug|Any CPU
		{CCBB60D4-5449-42B1-899B-3101C65014CB}.Release|Any CPU.ActiveCfg = Release|Any CPU
		{CCBB60D4-5449-42B1-899B-3101C65014CB}.Release|Any CPU.Build.0 = Release|Any CPU
		{B75C3D72-339B-4359-B22A-6818A43E05E7}.Debug|Any CPU.ActiveCfg = Debug|Any CPU
		{B75C3D72-339B-4359-B22A-6818A43E05E7}.Debug|Any CPU.Build.0 = Debug|Any CPU
		{B75C3D72-339B-4359-B22A-6818A43E05E7}.Release|Any CPU.ActiveCfg = Release|Any CPU
		{B75C3D72-339B-4359-B22A-6818A43E05E7}.Release|Any CPU.Build.0 = Release|Any CPU
		{A52934B4-B1DE-44B5-B254-72A9168EC27F}.Debug|Any CPU.ActiveCfg = Debug|Any CPU
		{A52934B4-B1DE-44B5-B254-72A9168EC27F}.Debug|Any CPU.Build.0 = Debug|Any CPU
		{A52934B4-B1DE-44B5-B254-72A9168EC27F}.Release|Any CPU.ActiveCfg = Release|Any CPU
		{A52934B4-B1DE-44B5-B254-72A9168EC27F}.Release|Any CPU.Build.0 = Release|Any CPU
		{35DD74AD-8648-4C29-B56D-9B723F3F3C1C}.Debug|Any CPU.ActiveCfg = Debug|Any CPU
		{35DD74AD-8648-4C29-B56D-9B723F3F3C1C}.Debug|Any CPU.Build.0 = Debug|Any CPU
		{35DD74AD-8648-4C29-B56D-9B723F3F3C1C}.Release|Any CPU.ActiveCfg = Release|Any CPU
		{35DD74AD-8648-4C29-B56D-9B723F3F3C1C}.Release|Any CPU.Build.0 = Release|Any CPU
	EndGlobalSection
	GlobalSection(SolutionProperties) = preSolution
		HideSolutionNode = FALSE
	EndGlobalSection
EndGlobal
